{
    "_readme": [
        "This file locks the dependencies of your project to a known state",
        "Read more about it at https://getcomposer.org/doc/01-basic-usage.md#installing-dependencies",
        "This file is @generated automatically"
    ],
    "content-hash": "7adfc296cbcab720f0659c74f5f3526c",
    "packages": [
        {
            "name": "izniburak/laravel-auto-routes",
            "version": "v2.0.1",
            "source": {
                "type": "git",
                "url": "https://github.com/izniburak/laravel-auto-routes.git",
                "reference": "7904f15a52a3a169cb5038b4d97039a7fe47ddb9"
            },
            "dist": {
                "type": "zip",
                "url": "https://api.github.com/repos/izniburak/laravel-auto-routes/zipball/7904f15a52a3a169cb5038b4d97039a7fe47ddb9",
                "reference": "7904f15a52a3a169cb5038b4d97039a7fe47ddb9",
                "shasum": ""
            },
            "require": {
                "php": "^8.1"
            },
            "require-dev": {
                "illuminate/routing": "^10.0",
                "phpunit/phpunit": "^10.1"
            },
            "type": "library",
            "extra": {
                "laravel": {
                    "providers": [
                        "Buki\\AutoRoute\\AutoRouteServiceProvider"
                    ],
                    "aliases": {
                        "AutoRoute": "Buki\\AutoRoute\\AutoRouteFacade"
                    }
                }
            },
            "autoload": {
                "psr-4": {
                    "Buki\\AutoRoute\\": "src/"
                }
            },
            "notification-url": "https://packagist.org/downloads/",
            "license": [
                "MIT"
            ],
            "authors": [
                {
                    "name": "İzni Burak Demirtaş",
                    "email": "info@burakdemirtas.org",
                    "homepage": "https://buki.dev"
                }
            ],
            "description": "Auto Route Generating (Auto-Discovery) Package for Laravel",
            "homepage": "https://github.com/izniburak/laravel-auto-routes",
            "keywords": [
                "auto-route",
                "laravel",
                "route",
                "route-discovery",
                "route-generator",
                "router"
            ],
            "support": {
                "issues": "https://github.com/izniburak/laravel-auto-routes/issues",
                "source": "https://github.com/izniburak/laravel-auto-routes/tree/v2.0.1"
            },
            "funding": [
                {
                    "url": "https://buymeacoff.ee/izniburak",
                    "type": "custom"
                },
                {
                    "url": "https://github.com/izniburak",
                    "type": "github"
                }
            ],
            "time": "2023-11-26T18:11:44+00:00"
        }
    ],
    "packages-dev": [],
    "aliases": [],
    "minimum-stability": "stable",
    "stability-flags": [],
    "prefer-stable": false,
    "prefer-lowest": false,
    "platform": [],
    "platform-dev": [],
    "plugin-api-version": "2.6.0"
}
